
Microsoft Visual Studio Solution File, Format Version 11.00
# Visual Studio 2010
Project("{8BC9CEB8-8B4A-11D0-8D11-00A0C91BC942}") = "vgmcomp", "vgmcomp\vgmcomp.vcxproj", "{2366E69E-AB71-4950-8669-9941A68C8DE1}"
EndProject
Project("{8BC9CEB8-8B4A-11D0-8D11-00A0C91BC942}") = "packer", "packer\packer.vcxproj", "{517E235E-AF0E-40C8-942F-B0E1ACB6715E}"
EndProject
Project("{8BC9CEB8-8B4A-11D0-8D11-00A0C91BC942}") = "vgmuncomp", "vgmuncomp\vgmuncomp\vgmuncomp.vcxproj", "{34376503-17A0-4147-B666-4619A048B1BD}"
EndProject
Global
	GlobalSection(SolutionConfigurationPlatforms) = preSolution
		Debug|Win32 = Debug|Win32
		Release|Win32 = Release|Win32
	EndGlobalSection
	GlobalSection(ProjectConfigurationPlatforms) = postSolution
		{2366E69E-AB71-4950-8669-9941A68C8DE1}.Debug|Win32.ActiveCfg = Debug|Win32
		{2366E69E-AB71-4950-8669-9941A68C8DE1}.Debug|Win32.Build.0 = Debug|Win32
		{2366E69E-AB71-4950-8669-9941A68C8DE1}.Release|Win32.ActiveCfg = Release|Win32
		{2366E69E-AB71-4950-8669-9941A68C8DE1}.Release|Win32.Build.0 = Release|Win32
		{517E235E-AF0E-40C8-942F-B0E1ACB6715E}.Debug|Win32.ActiveCfg = Debug|Win32
		{517E235E-AF0E-40C8-942F-B0E1ACB6715E}.Debug|Win32.Build.0 = Debug|Win32
		{517E235E-AF0E-40C8-942F-B0E1ACB6715E}.Release|Win32.ActiveCfg = Release|Win32
		{517E235E-AF0E-40C8-942F-B0E1ACB6715E}.Release|Win32.Build.0 = Release|Win32
		{34376503-17A0-4147-B666-4619A048B1BD}.Debug|Win32.ActiveCfg = Debug|Win32
		{34376503-17A0-4147-B666-4619A048B1BD}.Debug|Win32.Build.0 = Debug|Win32
		{34376503-17A0-4147-B666-4619A048B1BD}.Release|Win32.ActiveCfg = Release|Win32
		{34376503-17A0-4147-B666-4619A048B1BD}.Release|Win32.Build.0 = Release|Win32
	EndGlobalSection
	GlobalSection(SolutionProperties) = preSolution
		HideSolutionNode = FALSE
	EndGlobalSection
EndGlobal
